{
  "version": 4,
  "terraform_version": "1.1.0",
  "serial": 13,
  "lineage": "b22b81b7-eab8-2bdc-b1dd-34afbce14d87",
  "outputs": {},
  "resources": [
    {
      "mode": "managed",
      "type": "scaleway_k8s_cluster",
      "name": "dot",
      "provider": "provider[\"registry.terraform.io/scaleway/scaleway\"]",
      "instances": [
        {
          "schema_version": 0,
          "attributes": {
            "admission_plugins": [],
            "apiserver_cert_sans": [],
            "apiserver_url": "https://a266895f-30d5-48aa-a8f1-b66d542799d5.api.k8s.fr-par.scw.cloud:6443",
            "auto_upgrade": [
              {
                "enable": false,
                "maintenance_window_day": "any",
                "maintenance_window_start_hour": 0
              }
            ],
            "autoscaler_config": [
              {
                "balance_similar_node_groups": true,
                "disable_scale_down": false,
                "estimator": "binpacking",
                "expander": "random",
                "expendable_pods_priority_cutoff": -10,
                "ignore_daemonsets_utilization": true,
                "max_graceful_termination_sec": 600,
                "scale_down_delay_after_add": "1m",
                "scale_down_unneeded_time": "1m",
                "scale_down_utilization_threshold": 0.5
              }
            ],
            "cni": "cilium",
            "created_at": "2022-08-24T00:46:32Z",
            "delete_additional_resources": false,
            "description": "",
            "feature_gates": [],
            "id": "fr-par/a266895f-30d5-48aa-a8f1-b66d542799d5",
            "kubeconfig": [
              {
                "cluster_ca_certificate": "LS0tLS1CRUdJTiBDRVJUSUZJQ0FURS0tLS0tCk1JSUM1ekNDQWMrZ0F3SUJBZ0lCQURBTkJna3Foa2lHOXcwQkFRc0ZBREFWTVJNd0VRWURWUVFERXdwcmRXSmwKY201bGRHVnpNQjRYRFRJeU1EZ3lNekF3TkRZek0xb1hEVE15TURneU16QXdORFl6TTFvd0ZURVRNQkVHQTFVRQpBeE1LYTNWaVpYSnVaWFJsY3pDQ0FTSXdEUVlKS29aSWh2Y05BUUVCQlFBRGdnRVBBRENDQVFvQ2dnRUJBTXVaCjNtMzlhK1hGcDI4UEZ1eXBVK1drS01YcUpObExhTDhJSXg3RDRrdkp3U0J1WWRZY3NhanB4bWtENlJpV0FHZlQKUXdHZER5RGNDVzh2NG5kdTVGaDAwS0I0aURyS2FDTHpFOUt2dElUUk1ubzZTblMvR1J0RE9oalJRbGgxb3hBMApQaTgrc2EvcmhzV3RpUmFEZ3YydGFvNUNKYjM5M1FERjF5NHI1c0tHRWhtOWd6MmQyVm5VbFVlT3BMUzdIS2hOCi8xcno1eFdVZ0FmTDF2T21oVzZaTldIa01zWEN0Vk1UaHlCb2pNY28rYjdlWVRWM0t0djU5U2JnbS8xdlBSa1MKQmdNNXY3RnFaTEZxU0JkVUt3TGdZd3dRQU9mTzlOMG54WCtGQ0tHYllmVUttbzl0WTRnU1Y4T1Z6Z0FkZUxZYwpEZjI3WWNralowVkRFY0pZRGtFQ0F3RUFBYU5DTUVBd0RnWURWUjBQQVFIL0JBUURBZ0trTUE4R0ExVWRFd0VCCi93UUZNQU1CQWY4d0hRWURWUjBPQkJZRUZEUnRzWEJSbnY2U1E4ZGpiMEtSRTFiejNzS2FNQTBHQ1NxR1NJYjMKRFFFQkN3VUFBNElCQVFBNWtyOFZIcTlvdmpmYXd4cEVzcE5XcTdacXo1K0RsQ3FoWWpPaHVKVFdVM3IySUZLdQpRVjVmZTZ3RnJFeldmK2lRWXlrN3lPcGxSS1lzb0xqQTBTV0NwbkJqMGcvUFJycWE0NU0yUVU4WlVFMGl5OEtCCk5wbE1xVHlSR1V2VWZDdVluQy9ycmhsWkh5Y0ZXTHBka01SVEhSc3RzT2JnSmwzUUhoVjlJRW9SZXM4VlhtNFMKUGpINVlicHhPa1RpZW1JUnpQa1hGSWlidm5RbEZ5c2VjYkVsRjMzdHloK0F2bUJkcnBkNEU0WnlWVmFEVW1Mdgo3b0RtR2ZhUlMxaWY3WXZPNFo1NjVSUUQ0MUNsWmZkQmF2THcxZ0FIc3R1T24vVm1USTY1Wk5MSjFYZzJqVXpBCmJuSHB1ZkdKMFE5WjF3NmxEejA1Z0g3ajZxc28zVDhKN2JNTAotLS0tLUVORCBDRVJUSUZJQ0FURS0tLS0tCg==",
                "config_file": "apiVersion: v1\nclusters:\n- name: \"dot\"\n  cluster:\n    certificate-authority-data: LS0tLS1CRUdJTiBDRVJUSUZJQ0FURS0tLS0tCk1JSUM1ekNDQWMrZ0F3SUJBZ0lCQURBTkJna3Foa2lHOXcwQkFRc0ZBREFWTVJNd0VRWURWUVFERXdwcmRXSmwKY201bGRHVnpNQjRYRFRJeU1EZ3lNekF3TkRZek0xb1hEVE15TURneU16QXdORFl6TTFvd0ZURVRNQkVHQTFVRQpBeE1LYTNWaVpYSnVaWFJsY3pDQ0FTSXdEUVlKS29aSWh2Y05BUUVCQlFBRGdnRVBBRENDQVFvQ2dnRUJBTXVaCjNtMzlhK1hGcDI4UEZ1eXBVK1drS01YcUpObExhTDhJSXg3RDRrdkp3U0J1WWRZY3NhanB4bWtENlJpV0FHZlQKUXdHZER5RGNDVzh2NG5kdTVGaDAwS0I0aURyS2FDTHpFOUt2dElUUk1ubzZTblMvR1J0RE9oalJRbGgxb3hBMApQaTgrc2EvcmhzV3RpUmFEZ3YydGFvNUNKYjM5M1FERjF5NHI1c0tHRWhtOWd6MmQyVm5VbFVlT3BMUzdIS2hOCi8xcno1eFdVZ0FmTDF2T21oVzZaTldIa01zWEN0Vk1UaHlCb2pNY28rYjdlWVRWM0t0djU5U2JnbS8xdlBSa1MKQmdNNXY3RnFaTEZxU0JkVUt3TGdZd3dRQU9mTzlOMG54WCtGQ0tHYllmVUttbzl0WTRnU1Y4T1Z6Z0FkZUxZYwpEZjI3WWNralowVkRFY0pZRGtFQ0F3RUFBYU5DTUVBd0RnWURWUjBQQVFIL0JBUURBZ0trTUE4R0ExVWRFd0VCCi93UUZNQU1CQWY4d0hRWURWUjBPQkJZRUZEUnRzWEJSbnY2U1E4ZGpiMEtSRTFiejNzS2FNQTBHQ1NxR1NJYjMKRFFFQkN3VUFBNElCQVFBNWtyOFZIcTlvdmpmYXd4cEVzcE5XcTdacXo1K0RsQ3FoWWpPaHVKVFdVM3IySUZLdQpRVjVmZTZ3RnJFeldmK2lRWXlrN3lPcGxSS1lzb0xqQTBTV0NwbkJqMGcvUFJycWE0NU0yUVU4WlVFMGl5OEtCCk5wbE1xVHlSR1V2VWZDdVluQy9ycmhsWkh5Y0ZXTHBka01SVEhSc3RzT2JnSmwzUUhoVjlJRW9SZXM4VlhtNFMKUGpINVlicHhPa1RpZW1JUnpQa1hGSWlidm5RbEZ5c2VjYkVsRjMzdHloK0F2bUJkcnBkNEU0WnlWVmFEVW1Mdgo3b0RtR2ZhUlMxaWY3WXZPNFo1NjVSUUQ0MUNsWmZkQmF2THcxZ0FIc3R1T24vVm1USTY1Wk5MSjFYZzJqVXpBCmJuSHB1ZkdKMFE5WjF3NmxEejA1Z0g3ajZxc28zVDhKN2JNTAotLS0tLUVORCBDRVJUSUZJQ0FURS0tLS0tCg==\n    server: https://a266895f-30d5-48aa-a8f1-b66d542799d5.api.k8s.fr-par.scw.cloud:6443\ncontexts:\n- name: admin@dot\n  context:\n    cluster: \"dot\"\n    user: dot-admin\ncurrent-context: admin@dot\nkind: Config\npreferences: {}\nusers:\n- name: dot-admin\n  user:\n    token: faIzjR0PPsY1SYFvsQu2E6FNc39dXGFyvTERWsoPpY7vEMqAdFOVr3BO",
                "host": "https://a266895f-30d5-48aa-a8f1-b66d542799d5.api.k8s.fr-par.scw.cloud:6443",
                "token": "faIzjR0PPsY1SYFvsQu2E6FNc39dXGFyvTERWsoPpY7vEMqAdFOVr3BO"
              }
            ],
            "name": "dot",
            "open_id_connect_config": [
              {
                "client_id": "",
                "groups_claim": [],
                "groups_prefix": "",
                "issuer_url": "",
                "required_claim": [],
                "username_claim": "",
                "username_prefix": ""
              }
            ],
            "organization_id": "bade3859-296c-4b9f-8d12-f094c764668d",
            "project_id": "bade3859-296c-4b9f-8d12-f094c764668d",
            "region": "fr-par",
            "status": "ready",
            "tags": [],
            "timeouts": null,
            "type": "kapsule",
            "updated_at": "2022-08-24T00:55:01Z",
            "upgrade_available": false,
            "version": "1.24.3",
            "wildcard_dns": "*.a266895f-30d5-48aa-a8f1-b66d542799d5.nodes.k8s.fr-par.scw.cloud"
          },
          "sensitive_attributes": [],
          "private": "eyJlMmJmYjczMC1lY2FhLTExZTYtOGY4OC0zNDM2M2JjN2M0YzAiOnsiY3JlYXRlIjo5MDAwMDAwMDAwMDAsImRlZmF1bHQiOjkwMDAwMDAwMDAwMCwiZGVsZXRlIjo5MDAwMDAwMDAwMDAsInJlYWQiOjkwMDAwMDAwMDAwMCwidXBkYXRlIjo5MDAwMDAwMDAwMDB9fQ=="
        }
      ]
    },
    {
      "mode": "managed",
      "type": "scaleway_k8s_pool",
      "name": "main",
      "provider": "provider[\"registry.terraform.io/scaleway/scaleway\"]",
      "instances": [
        {
          "schema_version": 0,
          "attributes": {
            "autohealing": true,
            "autoscaling": true,
            "cluster_id": "fr-par/a266895f-30d5-48aa-a8f1-b66d542799d5",
            "container_runtime": "containerd",
            "created_at": "2022-08-24T00:46:37Z",
            "current_size": 1,
            "id": "fr-par/d9a336b4-7fb5-4b48-b489-768bb3725edf",
            "kubelet_args": {},
            "max_size": 10,
            "min_size": 1,
            "name": "main",
            "node_type": "dev1_m",
            "nodes": [
              {
                "name": "scw-dot-main-42ba6f30587d44c78612bc28475ae882",
                "public_ip": "51.15.129.139",
                "public_ip_v6": "",
                "status": "ready"
              }
            ],
            "placement_group_id": null,
            "region": null,
            "root_volume_size_in_gb": null,
            "root_volume_type": null,
            "size": 1,
            "status": "ready",
            "tags": [],
            "timeouts": null,
            "updated_at": "2022-08-24T00:51:28Z",
            "upgrade_policy": [
              {
                "max_surge": 0,
                "max_unavailable": 1
              }
            ],
            "version": "1.23.9",
            "wait_for_pool_ready": true,
            "zone": "fr-par-1"
          },
          "sensitive_attributes": [],
          "private": "eyJlMmJmYjczMC1lY2FhLTExZTYtOGY4OC0zNDM2M2JjN2M0YzAiOnsiY3JlYXRlIjo5MDAwMDAwMDAwMDAsImRlZmF1bHQiOjkwMDAwMDAwMDAwMCwiZGVsZXRlIjo5MDAwMDAwMDAwMDAsInJlYWQiOjkwMDAwMDAwMDAwMCwidXBkYXRlIjo5MDAwMDAwMDAwMDB9fQ==",
          "dependencies": [
            "scaleway_k8s_cluster.dot"
          ]
        }
      ]
    }
  ]
}
